// !$*UTF8*$!
{
	archiveVersion = 1;
	classes = {
	};
	objectVersion = 56;
	objects = {

/* Begin PBXBuildFile section */
		2789FF672A6A874100F3CABE /* PingPongGameApp.swift in Sources */ = {isa = PBXBuildFile; fileRef = 2789FF662A6A874100F3CABE /* PingPongGameApp.swift */; };
		2789FF692A6A874100F3CABE /* ContentView.swift in Sources */ = {isa = PBXBuildFile; fileRef = 2789FF682A6A874100F3CABE /* ContentView.swift */; };
		2789FF6B2A6A874300F3CABE /* Assets.xcassets in Resources */ = {isa = PBXBuildFile; fileRef = 2789FF6A2A6A874300F3CABE /* Assets.xcassets */; };
		2789FF6E2A6A874300F3CABE /* Preview Assets.xcassets in Resources */ = {isa = PBXBuildFile; fileRef = 2789FF6D2A6A874300F3CABE /* Preview Assets.xcassets */; };
		2789FF782A6A874300F3CABE /* PingPongGameTests.swift in Sources */ = {isa = PBXBuildFile; fileRef = 2789FF772A6A874300F3CABE /* PingPongGameTests.swift */; };
		2789FF822A6A874300F3CABE /* PingPongGameUITests.swift in Sources */ = {isa = PBXBuildFile; fileRef = 2789FF812A6A874300F3CABE /* PingPongGameUITests.swift */; };
		2789FF842A6A874300F3CABE /* PingPongGameUITestsLaunchTests.swift in Sources */ = {isa = PBXBuildFile; fileRef = 2789FF832A6A874300F3CABE /* PingPongGameUITestsLaunchTests.swift */; };
		2789FF922A6A879300F3CABE /* Game.swift in Sources */ = {isa = PBXBuildFile; fileRef = 2789FF912A6A879300F3CABE /* Game.swift */; };
		2789FF942A6A87F000F3CABE /* Player.swift in Sources */ = {isa = PBXBuildFile; fileRef = 2789FF932A6A87F000F3CABE /* Player.swift */; };
		2789FF962A6A881F00F3CABE /* GameObject.swift in Sources */ = {isa = PBXBuildFile; fileRef = 2789FF952A6A881F00F3CABE /* GameObject.swift */; };
/* End PBXBuildFile section */

/* Begin PBXContainerItemProxy section */
		2789FF742A6A874300F3CABE /* PBXContainerItemProxy */ = {
			isa = PBXContainerItemProxy;
			containerPortal = 2789FF5B2A6A874100F3CABE /* Project object */;
			proxyType = 1;
			remoteGlobalIDString = 2789FF622A6A874100F3CABE;
			remoteInfo = PingPongGame;
		};
		2789FF7E2A6A874300F3CABE /* PBXContainerItemProxy */ = {
			isa = PBXContainerItemProxy;
			containerPortal = 2789FF5B2A6A874100F3CABE /* Project object */;
			proxyType = 1;
			remoteGlobalIDString = 2789FF622A6A874100F3CABE;
			remoteInfo = PingPongGame;
		};
/* End PBXContainerItemProxy section */

/* Begin PBXFileReference section */
		2789FF632A6A874100F3CABE /* PingPongGame.app */ = {isa = PBXFileReference; explicitFileType = wrapper.application; includeInIndex = 0; path = PingPongGame.app; sourceTree = BUILT_PRODUCTS_DIR; };
		2789FF662A6A874100F3CABE /* PingPongGameApp.swift */ = {isa = PBXFileReference; lastKnownFileType = sourcecode.swift; path = PingPongGameApp.swift; sourceTree = "<group>"; };
		2789FF682A6A874100F3CABE /* ContentView.swift */ = {isa = PBXFileReference; lastKnownFileType = sourcecode.swift; path = ContentView.swift; sourceTree = "<group>"; };
		2789FF6A2A6A874300F3CABE /* Assets.xcassets */ = {isa = PBXFileReference; lastKnownFileType = folder.assetcatalog; path = Assets.xcassets; sourceTree = "<group>"; };
		2789FF6D2A6A874300F3CABE /* Preview Assets.xcassets */ = {isa = PBXFileReference; lastKnownFileType = folder.assetcatalog; path = "Preview Assets.xcassets"; sourceTree = "<group>"; };
		2789FF732A6A874300F3CABE /* PingPongGameTests.xctest */ = {isa = PBXFileReference; explicitFileType = wrapper.cfbundle; includeInIndex = 0; path = PingPongGameTests.xctest; sourceTree = BUILT_PRODUCTS_DIR; };
		2789FF772A6A874300F3CABE /* PingPongGameTests.swift */ = {isa = PBXFileReference; lastKnownFileType = sourcecode.swift; path = PingPongGameTests.swift; sourceTree = "<group>"; };
		2789FF7D2A6A874300F3CABE /* PingPongGameUITests.xctest */ = {isa = PBXFileReference; explicitFileType = wrapper.cfbundle; includeInIndex = 0; path = PingPongGameUITests.xctest; sourceTree = BUILT_PRODUCTS_DIR; };
		2789FF812A6A874300F3CABE /* PingPongGameUITests.swift */ = {isa = PBXFileReference; lastKnownFileType = sourcecode.swift; path = PingPongGameUITests.swift; sourceTree = "<group>"; };
		2789FF832A6A874300F3CABE /* PingPongGameUITestsLaunchTests.swift */ = {isa = PBXFileReference; lastKnownFileType = sourcecode.swift; path = PingPongGameUITestsLaunchTests.swift; sourceTree = "<group>"; };
		2789FF912A6A879300F3CABE /* Game.swift */ = {isa = PBXFileReference; lastKnownFileType = sourcecode.swift; path = Game.swift; sourceTree = "<group>"; };
		2789FF932A6A87F000F3CABE /* Player.swift */ = {isa = PBXFileReference; lastKnownFileType = sourcecode.swift; path = Player.swift; sourceTree = "<group>"; };
		2789FF952A6A881F00F3CABE /* GameObject.swift */ = {isa = PBXFileReference; lastKnownFileType = sourcecode.swift; path = GameObject.swift; sourceTree = "<group>"; };
/* End PBXFileReference section */

/* Begin PBXFrameworksBuildPhase section */
		2789FF602A6A874100F3CABE /* Frameworks */ = {
			isa = PBXFrameworksBuildPhase;
			buildActionMask = 2147483647;
			files = (
			);
			runOnlyForDeploymentPostprocessing = 0;
		};
		2789FF702A6A874300F3CABE /* Frameworks */ = {
			isa = PBXFrameworksBuildPhase;
			buildActionMask = 2147483647;
			files = (
			);
			runOnlyForDeploymentPostprocessing = 0;
		};
		2789FF7A2A6A874300F3CABE /* Frameworks */ = {
			isa = PBXFrameworksBuildPhase;
			buildActionMask = 2147483647;
			files = (
			);
			runOnlyForDeploymentPostprocessing = 0;
		};
/* End PBXFrameworksBuildPhase section */

/* Begin PBXGroup section */
		2789FF5A2A6A874100F3CABE = {
			isa = PBXGroup;
			children = (
				2789FF652A6A874100F3CABE /* PingPongGame */,
				2789FF762A6A874300F3CABE /* PingPongGameTests */,
				2789FF802A6A874300F3CABE /* PingPongGameUITests */,
				2789FF642A6A874100F3CABE /* Products */,
			);
			sourceTree = "<group>";
		};
		2789FF642A6A874100F3CABE /* Products */ = {
			isa = PBXGroup;
			children = (
				2789FF632A6A874100F3CABE /* PingPongGame.app */,
				2789FF732A6A874300F3CABE /* PingPongGameTests.xctest */,
				2789FF7D2A6A874300F3CABE /* PingPongGameUITests.xctest */,
			);
			name = Products;
			sourceTree = "<group>";
		};
		2789FF652A6A874100F3CABE /* PingPongGame */ = {
			isa = PBXGroup;
			children = (
				2789FF902A6A877600F3CABE /* Models */,
				2789FF662A6A874100F3CABE /* PingPongGameApp.swift */,
				2789FF682A6A874100F3CABE /* ContentView.swift */,
				2789FF6A2A6A874300F3CABE /* Assets.xcassets */,
				2789FF6C2A6A874300F3CABE /* Preview Content */,
			);
			path = PingPongGame;
			sourceTree = "<group>";
		};
		2789FF6C2A6A874300F3CABE /* Preview Content */ = {
			isa = PBXGroup;
			children = (
				2789FF6D2A6A874300F3CABE /* Preview Assets.xcassets */,
			);
			path = "Preview Content";
			sourceTree = "<group>";
		};
		2789FF762A6A874300F3CABE /* PingPongGameTests */ = {
			isa = PBXGroup;
			children = (
				2789FF772A6A874300F3CABE /* PingPongGameTests.swift */,
			);
			path = PingPongGameTests;
			sourceTree = "<group>";
		};
		2789FF802A6A874300F3CABE /* PingPongGameUITests */ = {
			isa = PBXGroup;
			children = (
				2789FF812A6A874300F3CABE /* PingPongGameUITests.swift */,
				2789FF832A6A874300F3CABE /* PingPongGameUITestsLaunchTests.swift */,
			);
			path = PingPongGameUITests;
			sourceTree = "<group>";
		};
		2789FF902A6A877600F3CABE /* Models */ = {
			isa = PBXGroup;
			children = (
				2789FF912A6A879300F3CABE /* Game.swift */,
				2789FF932A6A87F000F3CABE /* Player.swift */,
				2789FF952A6A881F00F3CABE /* GameObject.swift */,
			);
			path = Models;
			sourceTree = "<group>";
		};
/* End PBXGroup section */

/* Begin PBXNativeTarget section */
		2789FF622A6A874100F3CABE /* PingPongGame */ = {
			isa = PBXNativeTarget;
			buildConfigurationList = 2789FF872A6A874300F3CABE /* Build configuration list for PBXNativeTarget "PingPongGame" */;
			buildPhases = (
				2789FF5F2A6A874100F3CABE /* Sources */,
				2789FF602A6A874100F3CABE /* Frameworks */,
				2789FF612A6A874100F3CABE /* Resources */,
			);
			buildRules = (
			);
			dependencies = (
			);
			name = PingPongGame;
			productName = PingPongGame;
			productReference = 2789FF632A6A874100F3CABE /* PingPongGame.app */;
			productType = "com.apple.product-type.application";
		};
		2789FF722A6A874300F3CABE /* PingPongGameTests */ = {
			isa = PBXNativeTarget;
			buildConfigurationList = 2789FF8A2A6A874300F3CABE /* Build configuration list for PBXNativeTarget "PingPongGameTests" */;
			buildPhases = (
				2789FF6F2A6A874300F3CABE /* Sources */,
				2789FF702A6A874300F3CABE /* Frameworks */,
				2789FF712A6A874300F3CABE /* Resources */,
			);
			buildRules = (
			);
			dependencies = (
				2789FF752A6A874300F3CABE /* PBXTargetDependency */,
			);
			name = PingPongGameTests;
			productName = PingPongGameTests;
			productReference = 2789FF732A6A874300F3CABE /* PingPongGameTests.xctest */;
			productType = "com.apple.product-type.bundle.unit-test";
		};
		2789FF7C2A6A874300F3CABE /* PingPongGameUITests */ = {
			isa = PBXNativeTarget;
			buildConfigurationList = 2789FF8D2A6A874300F3CABE /* Build configuration list for PBXNativeTarget "PingPongGameUITests" */;
			buildPhases = (
				2789FF792A6A874300F3CABE /* Sources */,
				2789FF7A2A6A874300F3CABE /* Frameworks */,
				2789FF7B2A6A874300F3CABE /* Resources */,
			);
			buildRules = (
			);
			dependencies = (
				2789FF7F2A6A874300F3CABE /* PBXTargetDependency */,
			);
			name = PingPongGameUITests;
			productName = PingPongGameUITests;
			productReference = 2789FF7D2A6A874300F3CABE /* PingPongGameUITests.xctest */;
			productType = "com.apple.product-type.bundle.ui-testing";
		};
/* End PBXNativeTarget section */

/* Begin PBXProject section */
		2789FF5B2A6A874100F3CABE /* Project object */ = {
			isa = PBXProject;
			attributes = {
				BuildIndependentTargetsInParallel = 1;
				LastSwiftUpdateCheck = 1430;
				LastUpgradeCheck = 1430;
				TargetAttributes = {
					2789FF622A6A874100F3CABE = {
						CreatedOnToolsVersion = 14.3.1;
					};
					2789FF722A6A874300F3CABE = {
						CreatedOnToolsVersion = 14.3.1;
						TestTargetID = 2789FF622A6A874100F3CABE;
					};
					2789FF7C2A6A874300F3CABE = {
						CreatedOnToolsVersion = 14.3.1;
						TestTargetID = 2789FF622A6A874100F3CABE;
					};
				};
			};
			buildConfigurationList = 2789FF5E2A6A874100F3CABE /* Build configuration list for PBXProject "PingPongGame" */;
			compatibilityVersion = "Xcode 14.0";
			developmentRegion = en;
			hasScannedForEncodings = 0;
			knownRegions = (
				en,
				Base,
			);
			mainGroup = 2789FF5A2A6A874100F3CABE;
			productRefGroup = 2789FF642A6A874100F3CABE /* Products */;
			projectDirPath = "";
			projectRoot = "";
			targets = (
				2789FF622A6A874100F3CABE /* PingPongGame */,
				2789FF722A6A874300F3CABE /* PingPongGameTests */,
				2789FF7C2A6A874300F3CABE /* PingPongGameUITests */,
			);
		};
/* End PBXProject section */

/* Begin PBXResourcesBuildPhase section */
		2789FF612A6A874100F3CABE /* Resources */ = {
			isa = PBXResourcesBuildPhase;
			buildActionMask = 2147483647;
			files = (
				2789FF6E2A6A874300F3CABE /* Preview Assets.xcassets in Resources */,
				2789FF6B2A6A874300F3CABE /* Assets.xcassets in Resources */,
			);
			runOnlyForDeploymentPostprocessing = 0;
		};
		2789FF712A6A874300F3CABE /* Resources */ = {
			isa = PBXResourcesBuildPhase;
			buildActionMask = 2147483647;
			files = (
			);
			runOnlyForDeploymentPostprocessing = 0;
		};
		2789FF7B2A6A874300F3CABE /* Resources */ = {
			isa = PBXResourcesBuildPhase;
			buildActionMask = 2147483647;
			files = (
			);
			runOnlyForDeploymentPostprocessing = 0;
		};
/* End PBXResourcesBuildPhase section */

/* Begin PBXSourcesBuildPhase section */
		2789FF5F2A6A874100F3CABE /* Sources */ = {
			isa = PBXSourcesBuildPhase;
			buildActionMask = 2147483647;
			files = (
				2789FF942A6A87F000F3CABE /* Player.swift in Sources */,
				2789FF692A6A874100F3CABE /* ContentView.swift in Sources */,
				2789FF922A6A879300F3CABE /* Game.swift in Sources */,
				2789FF672A6A874100F3CABE /* PingPongGameApp.swift in Sources */,
				2789FF962A6A881F00F3CABE /* GameObject.swift in Sources */,
			);
			runOnlyForDeploymentPostprocessing = 0;
		};
		2789FF6F2A6A874300F3CABE /* Sources */ = {
			isa = PBXSourcesBuildPhase;
			buildActionMask = 2147483647;
			files = (
				2789FF782A6A874300F3CABE /* PingPongGameTests.swift in Sources */,
			);
			runOnlyForDeploymentPostprocessing = 0;
		};
		2789FF792A6A874300F3CABE /* Sources */ = {
			isa = PBXSourcesBuildPhase;
			buildActionMask = 2147483647;
			files = (
				2789FF842A6A874300F3CABE /* PingPongGameUITestsLaunchTests.swift in Sources */,
				2789FF822A6A874300F3CABE /* PingPongGameUITests.swift in Sources */,
			);
			runOnlyForDeploymentPostprocessing = 0;
		};
/* End PBXSourcesBuildPhase section */

/* Begin PBXTargetDependency section */
		2789FF752A6A874300F3CABE /* PBXTargetDependency */ = {
			isa = PBXTargetDependency;
			target = 2789FF622A6A874100F3CABE /* PingPongGame */;
			targetProxy = 2789FF742A6A874300F3CABE /* PBXContainerItemProxy */;
		};
		2789FF7F2A6A874300F3CABE /* PBXTargetDependency */ = {
			isa = PBXTargetDependency;
			target = 2789FF622A6A874100F3CABE /* PingPongGame */;
			targetProxy = 2789FF7E2A6A874300F3CABE /* PBXContainerItemProxy */;
		};
/* End PBXTargetDependency section */

/* Begin XCBuildConfiguration section */
		2789FF852A6A874300F3CABE /* Debug */ = {
			isa = XCBuildConfiguration;
			buildSettings = {
				ALWAYS_SEARCH_USER_PATHS = NO;
				CLANG_ANALYZER_NONNULL = YES;
				CLANG_ANALYZER_NUMBER_OBJECT_CONVERSION = YES_AGGRESSIVE;
				CLANG_CXX_LANGUAGE_STANDARD = "gnu++20";
				CLANG_ENABLE_MODULES = YES;
				CLANG_ENABLE_OBJC_ARC = YES;
				CLANG_ENABLE_OBJC_WEAK = YES;
				CLANG_WARN_BLOCK_CAPTURE_AUTORELEASING = YES;
				CLANG_WARN_BOOL_CONVERSION = YES;
				CLANG_WARN_COMMA = YES;
				CLANG_WARN_CONSTANT_CONVERSION = YES;
				CLANG_WARN_DEPRECATED_OBJC_IMPLEMENTATIONS = YES;
				CLANG_WARN_DIRECT_OBJC_ISA_USAGE = YES_ERROR;
				CLANG_WARN_DOCUMENTATION_COMMENTS = YES;
				CLANG_WARN_EMPTY_BODY = YES;
				CLANG_WARN_ENUM_CONVERSION = YES;
				CLANG_WARN_INFINITE_RECURSION = YES;
				CLANG_WARN_INT_CONVERSION = YES;
				CLANG_WARN_NON_LITERAL_NULL_CONVERSION = YES;
				CLANG_WARN_OBJC_IMPLICIT_RETAIN_SELF = YES;
				CLANG_WARN_OBJC_LITERAL_CONVERSION = YES;
				CLANG_WARN_OBJC_ROOT_CLASS = YES_ERROR;
				CLANG_WARN_QUOTED_INCLUDE_IN_FRAMEWORK_HEADER = YES;
				CLANG_WARN_RANGE_LOOP_ANALYSIS = YES;
				CLANG_WARN_STRICT_PROTOTYPES = YES;
				CLANG_WARN_SUSPICIOUS_MOVE = YES;
				CLANG_WARN_UNGUARDED_AVAILABILITY = YES_AGGRESSIVE;
				CLANG_WARN_UNREACHABLE_CODE = YES;
				CLANG_WARN__DUPLICATE_METHOD_MATCH = YES;
				COPY_PHASE_STRIP = NO;
				DEBUG_INFORMATION_FORMAT = dwarf;
				ENABLE_STRICT_OBJC_MSGSEND = YES;
				ENABLE_TESTABILITY = YES;
				GCC_C_LANGUAGE_STANDARD = gnu11;
				GCC_DYNAMIC_NO_PIC = NO;
				GCC_NO_COMMON_BLOCKS = YES;
				GCC_OPTIMIZATION_LEVEL = 0;
				GCC_PREPROCESSOR_DEFINITIONS = (
					"DEBUG=1",
					"$(inherited)",
				);
				GCC_WARN_64_TO_32_BIT_CONVERSION = YES;
				GCC_WARN_ABOUT_RETURN_TYPE = YES_ERROR;
				GCC_WARN_UNDECLARED_SELECTOR = YES;
				GCC_WARN_UNINITIALIZED_AUTOS = YES_AGGRESSIVE;
				GCC_WARN_UNUSED_FUNCTION = YES;
				GCC_WARN_UNUSED_VARIABLE = YES;
				IPHONEOS_DEPLOYMENT_TARGET = 16.4;
				MTL_ENABLE_DEBUG_INFO = INCLUDE_SOURCE;
				MTL_FAST_MATH = YES;
				ONLY_ACTIVE_ARCH = YES;
				SDKROOT = iphoneos;
				SWIFT_ACTIVE_COMPILATION_CONDITIONS = DEBUG;
				SWIFT_OPTIMIZATION_LEVEL = "-Onone";
			};
			name = Debug;
		};
		2789FF862A6A874300F3CABE /* Release */ = {
			isa = XCBuildConfiguration;
			buildSettings = {
				ALWAYS_SEARCH_USER_PATHS = NO;
				CLANG_ANALYZER_NONNULL = YES;
				CLANG_ANALYZER_NUMBER_OBJECT_CONVERSION = YES_AGGRESSIVE;
				CLANG_CXX_LANGUAGE_STANDARD = "gnu++20";
				CLANG_ENABLE_MODULES = YES;
				CLANG_ENABLE_OBJC_ARC = YES;
				CLANG_ENABLE_OBJC_WEAK = YES;
				CLANG_WARN_BLOCK_CAPTURE_AUTORELEASING = YES;
				CLANG_WARN_BOOL_CONVERSION = YES;
				CLANG_WARN_COMMA = YES;
				CLANG_WARN_CONSTANT_CONVERSION = YES;
				CLANG_WARN_DEPRECATED_OBJC_IMPLEMENTATIONS = YES;
				CLANG_WARN_DIRECT_OBJC_ISA_USAGE = YES_ERROR;
				CLANG_WARN_DOCUMENTATION_COMMENTS = YES;
				CLANG_WARN_EMPTY_BODY = YES;
				CLANG_WARN_ENUM_CONVERSION = YES;
				CLANG_WARN_INFINITE_RECURSION = YES;
				CLANG_WARN_INT_CONVERSION = YES;
				CLANG_WARN_NON_LITERAL_NULL_CONVERSION = YES;
				CLANG_WARN_OBJC_IMPLICIT_RETAIN_SELF = YES;
				CLANG_WARN_OBJC_LITERAL_CONVERSION = YES;
				CLANG_WARN_OBJC_ROOT_CLASS = YES_ERROR;
				CLANG_WARN_QUOTED_INCLUDE_IN_FRAMEWORK_HEADER = YES;
				CLANG_WARN_RANGE_LOOP_ANALYSIS = YES;
				CLANG_WARN_STRICT_PROTOTYPES = YES;
				CLANG_WARN_SUSPICIOUS_MOVE = YES;
				CLANG_WARN_UNGUARDED_AVAILABILITY = YES_AGGRESSIVE;
				CLANG_WARN_UNREACHABLE_CODE = YES;
				CLANG_WARN__DUPLICATE_METHOD_MATCH = YES;
				COPY_PHASE_STRIP = NO;
				DEBUG_INFORMATION_FORMAT = "dwarf-with-dsym";
				ENABLE_NS_ASSERTIONS = NO;
				ENABLE_STRICT_OBJC_MSGSEND = YES;
				GCC_C_LANGUAGE_STANDARD = gnu11;
				GCC_NO_COMMON_BLOCKS = YES;
				GCC_WARN_64_TO_32_BIT_CONVERSION = YES;
				GCC_WARN_ABOUT_RETURN_TYPE = YES_ERROR;
				GCC_WARN_UNDECLARED_SELECTOR = YES;
				GCC_WARN_UNINITIALIZED_AUTOS = YES_AGGRESSIVE;
				GCC_WARN_UNUSED_FUNCTION = YES;
				GCC_WARN_UNUSED_VARIABLE = YES;
				IPHONEOS_DEPLOYMENT_TARGET = 16.4;
				MTL_ENABLE_DEBUG_INFO = NO;
				MTL_FAST_MATH = YES;
				SDKROOT = iphoneos;
				SWIFT_COMPILATION_MODE = wholemodule;
				SWIFT_OPTIMIZATION_LEVEL = "-O";
				VALIDATE_PRODUCT = YES;
			};
			name = Release;
		};
		2789FF882A6A874300F3CABE /* Debug */ = {
			isa = XCBuildConfiguration;
			buildSettings = {
				ASSETCATALOG_COMPILER_APPICON_NAME = AppIcon;
				ASSETCATALOG_COMPILER_GLOBAL_ACCENT_COLOR_NAME = AccentColor;
				CODE_SIGN_STYLE = Automatic;
				CURRENT_PROJECT_VERSION = 1;
				DEVELOPMENT_ASSET_PATHS = "\"PingPongGame/Preview Content\"";
				DEVELOPMENT_TEAM = T34EE4GLT2;
				ENABLE_PREVIEWS = YES;
				GENERATE_INFOPLIST_FILE = YES;
				INFOPLIST_KEY_UIApplicationSceneManifest_Generation = YES;
				INFOPLIST_KEY_UIApplicationSupportsIndirectInputEvents = YES;
				INFOPLIST_KEY_UILaunchScreen_Generation = YES;
				INFOPLIST_KEY_UISupportedInterfaceOrientations_iPad = "UIInterfaceOrientationPortrait UIInterfaceOrientationPortraitUpsideDown UIInterfaceOrientationLandscapeLeft UIInterfaceOrientationLandscapeRight";
				INFOPLIST_KEY_UISupportedInterfaceOrientations_iPhone = "UIInterfaceOrientationPortrait UIInterfaceOrientationLandscapeLeft UIInterfaceOrientationLandscapeRight";
				LD_RUNPATH_SEARCH_PATHS = (
					"$(inherited)",
					"@executable_path/Frameworks",
				);
				MARKETING_VERSION = 1.0;
				PRODUCT_BUNDLE_IDENTIFIER = condenast.PingPongGame;
				PRODUCT_NAME = "$(TARGET_NAME)";
				SWIFT_EMIT_LOC_STRINGS = YES;
				SWIFT_VERSION = 5.0;
				TARGETED_DEVICE_FAMILY = "1,2";
			};
			name = Debug;
		};
		2789FF892A6A874300F3CABE /* Release */ = {
			isa = XCBuildConfiguration;
			buildSettings = {
				ASSETCATALOG_COMPILER_APPICON_NAME = AppIcon;
				ASSETCATALOG_COMPILER_GLOBAL_ACCENT_COLOR_NAME = AccentColor;
				CODE_SIGN_STYLE = Automatic;
				CURRENT_PROJECT_VERSION = 1;
				DEVELOPMENT_ASSET_PATHS = "\"PingPongGame/Preview Content\"";
				DEVELOPMENT_TEAM = T34EE4GLT2;
				ENABLE_PREVIEWS = YES;
				GENERATE_INFOPLIST_FILE = YES;
				INFOPLIST_KEY_UIApplicationSceneManifest_Generation = YES;
				INFOPLIST_KEY_UIApplicationSupportsIndirectInputEvents = YES;
				INFOPLIST_KEY_UILaunchScreen_Generation = YES;
				INFOPLIST_KEY_UISupportedInterfaceOrientations_iPad = "UIInterfaceOrientationPortrait UIInterfaceOrientationPortraitUpsideDown UIInterfaceOrientationLandscapeLeft UIInterfaceOrientationLandscapeRight";
				INFOPLIST_KEY_UISupportedInterfaceOrientations_iPhone = "UIInterfaceOrientationPortrait UIInterfaceOrientationLandscapeLeft UIInterfaceOrientationLandscapeRight";
				LD_RUNPATH_SEARCH_PATHS = (
					"$(inherited)",
					"@executable_path/Frameworks",
				);
				MARKETING_VERSION = 1.0;
				PRODUCT_BUNDLE_IDENTIFIER = condenast.PingPongGame;
				PRODUCT_NAME = "$(TARGET_NAME)";
				SWIFT_EMIT_LOC_STRINGS = YES;
				SWIFT_VERSION = 5.0;
				TARGETED_DEVICE_FAMILY = "1,2";
			};
			name = Release;
		};
		2789FF8B2A6A874300F3CABE /* Debug */ = {
			isa = XCBuildConfiguration;
			buildSettings = {
				ALWAYS_EMBED_SWIFT_STANDARD_LIBRARIES = YES;
				BUNDLE_LOADER = "$(TEST_HOST)";
				CODE_SIGN_STYLE = Automatic;
				CURRENT_PROJECT_VERSION = 1;
				DEVELOPMENT_TEAM = T34EE4GLT2;
				GENERATE_INFOPLIST_FILE = YES;
				IPHONEOS_DEPLOYMENT_TARGET = 16.4;
				MARKETING_VERSION = 1.0;
				PRODUCT_BUNDLE_IDENTIFIER = condenast.PingPongGameTests;
				PRODUCT_NAME = "$(TARGET_NAME)";
				SWIFT_EMIT_LOC_STRINGS = NO;
				SWIFT_VERSION = 5.0;
				TARGETED_DEVICE_FAMILY = "1,2";
				TEST_HOST = "$(BUILT_PRODUCTS_DIR)/PingPongGame.app/$(BUNDLE_EXECUTABLE_FOLDER_PATH)/PingPongGame";
			};
			name = Debug;
		};
		2789FF8C2A6A874300F3CABE /* Release */ = {
			isa = XCBuildConfiguration;
			buildSettings = {
				ALWAYS_EMBED_SWIFT_STANDARD_LIBRARIES = YES;
				BUNDLE_LOADER = "$(TEST_HOST)";
				CODE_SIGN_STYLE = Automatic;
				CURRENT_PROJECT_VERSION = 1;
				DEVELOPMENT_TEAM = T34EE4GLT2;
				GENERATE_INFOPLIST_FILE = YES;
				IPHONEOS_DEPLOYMENT_TARGET = 16.4;
				MARKETING_VERSION = 1.0;
				PRODUCT_BUNDLE_IDENTIFIER = condenast.PingPongGameTests;
				PRODUCT_NAME = "$(TARGET_NAME)";
				SWIFT_EMIT_LOC_STRINGS = NO;
				SWIFT_VERSION = 5.0;
				TARGETED_DEVICE_FAMILY = "1,2";
				TEST_HOST = "$(BUILT_PRODUCTS_DIR)/PingPongGame.app/$(BUNDLE_EXECUTABLE_FOLDER_PATH)/PingPongGame";
			};
			name = Release;
		};
		2789FF8E2A6A874300F3CABE /* Debug */ = {
			isa = XCBuildConfiguration;
			buildSettings = {
				ALWAYS_EMBED_SWIFT_STANDARD_LIBRARIES = YES;
				CODE_SIGN_STYLE = Automatic;
				CURRENT_PROJECT_VERSION = 1;
				DEVELOPMENT_TEAM = T34EE4GLT2;
				GENERATE_INFOPLIST_FILE = YES;
				MARKETING_VERSION = 1.0;
				PRODUCT_BUNDLE_IDENTIFIER = condenast.PingPongGameUITests;
				PRODUCT_NAME = "$(TARGET_NAME)";
				SWIFT_EMIT_LOC_STRINGS = NO;
				SWIFT_VERSION = 5.0;
				TARGETED_DEVICE_FAMILY = "1,2";
				TEST_TARGET_NAME = PingPongGame;
			};
			name = Debug;
		};
		2789FF8F2A6A874300F3CABE /* Release */ = {
			isa = XCBuildConfiguration;
			buildSettings = {
				ALWAYS_EMBED_SWIFT_STANDARD_LIBRARIES = YES;
				CODE_SIGN_STYLE = Automatic;
				CURRENT_PROJECT_VERSION = 1;
				DEVELOPMENT_TEAM = T34EE4GLT2;
				GENERATE_INFOPLIST_FILE = YES;
				MARKETING_VERSION = 1.0;
				PRODUCT_BUNDLE_IDENTIFIER = condenast.PingPongGameUITests;
				PRODUCT_NAME = "$(TARGET_NAME)";
				SWIFT_EMIT_LOC_STRINGS = NO;
				SWIFT_VERSION = 5.0;
				TARGETED_DEVICE_FAMILY = "1,2";
				TEST_TARGET_NAME = PingPongGame;
			};
			name = Release;
		};
/* End XCBuildConfiguration section */

/* Begin XCConfigurationList section */
		2789FF5E2A6A874100F3CABE /* Build configuration list for PBXProject "PingPongGame" */ = {
			isa = XCConfigurationList;
			buildConfigurations = (
				2789FF852A6A874300F3CABE /* Debug */,
				2789FF862A6A874300F3CABE /* Release */,
			);
			defaultConfigurationIsVisible = 0;
			defaultConfigurationName = Release;
		};
		2789FF872A6A874300F3CABE /* Build configuration list for PBXNativeTarget "PingPongGame" */ = {
			isa = XCConfigurationList;
			buildConfigurations = (
				2789FF882A6A874300F3CABE /* Debug */,
				2789FF892A6A874300F3CABE /* Release */,
			);
			defaultConfigurationIsVisible = 0;
			defaultConfigurationName = Release;
		};
		2789FF8A2A6A874300F3CABE /* Build configuration list for PBXNativeTarget "PingPongGameTests" */ = {
			isa = XCConfigurationList;
			buildConfigurations = (
				2789FF8B2A6A874300F3CABE /* Debug */,
				2789FF8C2A6A874300F3CABE /* Release */,
			);
			defaultConfigurationIsVisible = 0;
			defaultConfigurationName = Release;
		};
		2789FF8D2A6A874300F3CABE /* Build configuration list for PBXNativeTarget "PingPongGameUITests" */ = {
			isa = XCConfigurationList;
			buildConfigurations = (
				2789FF8E2A6A874300F3CABE /* Debug */,
				2789FF8F2A6A874300F3CABE /* Release */,
			);
			defaultConfigurationIsVisible = 0;
			defaultConfigurationName = Release;
		};
/* End XCConfigurationList section */
	};
	rootObject = 2789FF5B2A6A874100F3CABE /* Project object */;
}
